
Microsoft Visual Studio Solution File, Format Version 12.00
# Visual Studio Version 17
VisualStudioVersion = 17.5.33414.496
MinimumVisualStudioVersion = 10.0.40219.1
Project("{FAE04EC0-301F-11D3-BF4B-00C04F79EFBC}") = "H52O.Test", "h52o.test\H52O.Test.csproj", "{AE1F0AA7-ED81-4D5D-B898-05E97DBD92C0}"
EndProject
Project("{FAE04EC0-301F-11D3-BF4B-00C04F79EFBC}") = "Examples", "Examples\Examples.csproj", "{FB070E4B-60D9-4C8A-BADC-9D0977896732}"
EndProject
Project("{FAE04EC0-301F-11D3-BF4B-00C04F79EFBC}") = "H52O", "H52O\H52O.csproj", "{5FFFDC24-12ED-43FE-9757-BEB73B681687}"
EndProject
Global
	GlobalSection(SolutionConfigurationPlatforms) = preSolution
		Debug|Any CPU = Debug|Any CPU
		Release|Any CPU = Release|Any CPU
	EndGlobalSection
	GlobalSection(ProjectConfigurationPlatforms) = postSolution
		{AE1F0AA7-ED81-4D5D-B898-05E97DBD92C0}.Debug|Any CPU.ActiveCfg = Debug|Any CPU
		{AE1F0AA7-ED81-4D5D-B898-05E97DBD92C0}.Debug|Any CPU.Build.0 = Debug|Any CPU
		{AE1F0AA7-ED81-4D5D-B898-05E97DBD92C0}.Release|Any CPU.ActiveCfg = Release|Any CPU
		{AE1F0AA7-ED81-4D5D-B898-05E97DBD92C0}.Release|Any CPU.Build.0 = Release|Any CPU
		{FB070E4B-60D9-4C8A-BADC-9D0977896732}.Debug|Any CPU.ActiveCfg = Debug|Any CPU
		{FB070E4B-60D9-4C8A-BADC-9D0977896732}.Debug|Any CPU.Build.0 = Debug|Any CPU
		{FB070E4B-60D9-4C8A-BADC-9D0977896732}.Release|Any CPU.ActiveCfg = Release|Any CPU
		{FB070E4B-60D9-4C8A-BADC-9D0977896732}.Release|Any CPU.Build.0 = Release|Any CPU
		{5FFFDC24-12ED-43FE-9757-BEB73B681687}.Debug|Any CPU.ActiveCfg = Debug|Any CPU
		{5FFFDC24-12ED-43FE-9757-BEB73B681687}.Debug|Any CPU.Build.0 = Debug|Any CPU
		{5FFFDC24-12ED-43FE-9757-BEB73B681687}.Release|Any CPU.ActiveCfg = Release|Any CPU
		{5FFFDC24-12ED-43FE-9757-BEB73B681687}.Release|Any CPU.Build.0 = Release|Any CPU
	EndGlobalSection
	GlobalSection(SolutionProperties) = preSolution
		HideSolutionNode = FALSE
	EndGlobalSection
	GlobalSection(ExtensibilityGlobals) = postSolution
		SolutionGuid = {7B69160D-56B3-4A66-9BAA-47A1FA3A500B}
	EndGlobalSection
EndGlobal
